
Microsoft Visual Studio Solution File, Format Version 12.00
# Visual Studio Version 17
VisualStudioVersion = 17.9.34728.123
MinimumVisualStudioVersion = 10.0.40219.1
Project("{2150E333-8FDC-42A3-9474-1A3956D46DE8}") = "LightingService", "LightingService", "{51F469AA-C547-4A26-BC61-FB5E79DE21AB}"
EndProject
Project("{9A19103F-16F7-4668-BE54-9A1E7A4F7556}") = "LightingService.Domain", "LightingService.Domain\LightingService.Domain.csproj", "{52CE57B9-ACD2-4ECA-A82E-E739AFC40E1F}"
EndProject
Project("{9A19103F-16F7-4668-BE54-9A1E7A4F7556}") = "LightingService.Application", "LightingService.Application\LightingService.Application.csproj", "{EF2781FE-FE5B-4447-8562-1BCCA6836C4B}"
EndProject
Project("{9A19103F-16F7-4668-BE54-9A1E7A4F7556}") = "LightingService.Infrastructure", "LightingService.Infrastructure\LightingService.Infrastructure.csproj", "{4574434E-4EB1-401B-9D5D-F1C71F6B1D32}"
EndProject
Project("{9A19103F-16F7-4668-BE54-9A1E7A4F7556}") = "LightingService.API", "LightingService.API\LightingService.API.csproj", "{0BB48B8D-8E84-4BCA-AAF3-0669B0D4FC2B}"
EndProject
Project("{2150E333-8FDC-42A3-9474-1A3956D46DE8}") = "GateWay", "GateWay", "{DAEA34F5-F0C0-44C2-A4FE-91E7903576B4}"
EndProject
Project("{FAE04EC0-301F-11D3-BF4B-00C04F79EFBC}") = "Gateway.Api", "Gateway.Api\Gateway.Api.csproj", "{10383654-4F44-44BE-A6CB-C20905499862}"
EndProject
Project("{FAE04EC0-301F-11D3-BF4B-00C04F79EFBC}") = "Gateway.Application", "Gateway.Application\Gateway.Application.csproj", "{F89175A0-2777-4C7A-A5CE-7B4AE6F689E3}"
EndProject
Project("{FAE04EC0-301F-11D3-BF4B-00C04F79EFBC}") = "Gateway.Infrastructure", "Gateway.Infrastructure\Gateway.Infrastructure.csproj", "{4934E44C-187A-4331-BE5F-0B58B13F95FF}"
EndProject
Project("{FAE04EC0-301F-11D3-BF4B-00C04F79EFBC}") = "LightingService.Tests", "LightingService.Tests\LightingService.Tests.csproj", "{3B888A3D-3F5D-4F19-A870-155F8E2C038B}"
EndProject
Project("{2150E333-8FDC-42A3-9474-1A3956D46DE8}") = "deneme", "deneme", "{5B404544-13FA-40FE-8706-885AC69DCC68}"
EndProject
Project("{FAE04EC0-301F-11D3-BF4B-00C04F79EFBC}") = "WebApplication1", "WebApplication1\WebApplication1.csproj", "{CBF72A03-A54F-4EC9-9DC5-AF188CAD4A0B}"
EndProject
Global
	GlobalSection(SolutionConfigurationPlatforms) = preSolution
		Debug|Any CPU = Debug|Any CPU
		Release|Any CPU = Release|Any CPU
	EndGlobalSection
	GlobalSection(ProjectConfigurationPlatforms) = postSolution
		{52CE57B9-ACD2-4ECA-A82E-E739AFC40E1F}.Debug|Any CPU.ActiveCfg = Debug|Any CPU
		{52CE57B9-ACD2-4ECA-A82E-E739AFC40E1F}.Debug|Any CPU.Build.0 = Debug|Any CPU
		{52CE57B9-ACD2-4ECA-A82E-E739AFC40E1F}.Release|Any CPU.ActiveCfg = Release|Any CPU
		{52CE57B9-ACD2-4ECA-A82E-E739AFC40E1F}.Release|Any CPU.Build.0 = Release|Any CPU
		{EF2781FE-FE5B-4447-8562-1BCCA6836C4B}.Debug|Any CPU.ActiveCfg = Debug|Any CPU
		{EF2781FE-FE5B-4447-8562-1BCCA6836C4B}.Debug|Any CPU.Build.0 = Debug|Any CPU
		{EF2781FE-FE5B-4447-8562-1BCCA6836C4B}.Release|Any CPU.ActiveCfg = Release|Any CPU
		{EF2781FE-FE5B-4447-8562-1BCCA6836C4B}.Release|Any CPU.Build.0 = Release|Any CPU
		{4574434E-4EB1-401B-9D5D-F1C71F6B1D32}.Debug|Any CPU.ActiveCfg = Debug|Any CPU
		{4574434E-4EB1-401B-9D5D-F1C71F6B1D32}.Debug|Any CPU.Build.0 = Debug|Any CPU
		{4574434E-4EB1-401B-9D5D-F1C71F6B1D32}.Release|Any CPU.ActiveCfg = Release|Any CPU
		{4574434E-4EB1-401B-9D5D-F1C71F6B1D32}.Release|Any CPU.Build.0 = Release|Any CPU
		{0BB48B8D-8E84-4BCA-AAF3-0669B0D4FC2B}.Debug|Any CPU.ActiveCfg = Debug|Any CPU
		{0BB48B8D-8E84-4BCA-AAF3-0669B0D4FC2B}.Debug|Any CPU.Build.0 = Debug|Any CPU
		{0BB48B8D-8E84-4BCA-AAF3-0669B0D4FC2B}.Release|Any CPU.ActiveCfg = Release|Any CPU
		{0BB48B8D-8E84-4BCA-AAF3-0669B0D4FC2B}.Release|Any CPU.Build.0 = Release|Any CPU
		{10383654-4F44-44BE-A6CB-C20905499862}.Debug|Any CPU.ActiveCfg = Debug|Any CPU
		{10383654-4F44-44BE-A6CB-C20905499862}.Debug|Any CPU.Build.0 = Debug|Any CPU
		{10383654-4F44-44BE-A6CB-C20905499862}.Release|Any CPU.ActiveCfg = Release|Any CPU
		{10383654-4F44-44BE-A6CB-C20905499862}.Release|Any CPU.Build.0 = Release|Any CPU
		{F89175A0-2777-4C7A-A5CE-7B4AE6F689E3}.Debug|Any CPU.ActiveCfg = Debug|Any CPU
		{F89175A0-2777-4C7A-A5CE-7B4AE6F689E3}.Debug|Any CPU.Build.0 = Debug|Any CPU
		{F89175A0-2777-4C7A-A5CE-7B4AE6F689E3}.Release|Any CPU.ActiveCfg = Release|Any CPU
		{F89175A0-2777-4C7A-A5CE-7B4AE6F689E3}.Release|Any CPU.Build.0 = Release|Any CPU
		{4934E44C-187A-4331-BE5F-0B58B13F95FF}.Debug|Any CPU.ActiveCfg = Debug|Any CPU
		{4934E44C-187A-4331-BE5F-0B58B13F95FF}.Debug|Any CPU.Build.0 = Debug|Any CPU
		{4934E44C-187A-4331-BE5F-0B58B13F95FF}.Release|Any CPU.ActiveCfg = Release|Any CPU
		{4934E44C-187A-4331-BE5F-0B58B13F95FF}.Release|Any CPU.Build.0 = Release|Any CPU
		{3B888A3D-3F5D-4F19-A870-155F8E2C038B}.Debug|Any CPU.ActiveCfg = Debug|Any CPU
		{3B888A3D-3F5D-4F19-A870-155F8E2C038B}.Debug|Any CPU.Build.0 = Debug|Any CPU
		{3B888A3D-3F5D-4F19-A870-155F8E2C038B}.Release|Any CPU.ActiveCfg = Release|Any CPU
		{3B888A3D-3F5D-4F19-A870-155F8E2C038B}.Release|Any CPU.Build.0 = Release|Any CPU
		{CBF72A03-A54F-4EC9-9DC5-AF188CAD4A0B}.Debug|Any CPU.ActiveCfg = Debug|Any CPU
		{CBF72A03-A54F-4EC9-9DC5-AF188CAD4A0B}.Debug|Any CPU.Build.0 = Debug|Any CPU
		{CBF72A03-A54F-4EC9-9DC5-AF188CAD4A0B}.Release|Any CPU.ActiveCfg = Release|Any CPU
		{CBF72A03-A54F-4EC9-9DC5-AF188CAD4A0B}.Release|Any CPU.Build.0 = Release|Any CPU
	EndGlobalSection
	GlobalSection(SolutionProperties) = preSolution
		HideSolutionNode = FALSE
	EndGlobalSection
	GlobalSection(NestedProjects) = preSolution
		{52CE57B9-ACD2-4ECA-A82E-E739AFC40E1F} = {51F469AA-C547-4A26-BC61-FB5E79DE21AB}
		{EF2781FE-FE5B-4447-8562-1BCCA6836C4B} = {51F469AA-C547-4A26-BC61-FB5E79DE21AB}
		{4574434E-4EB1-401B-9D5D-F1C71F6B1D32} = {51F469AA-C547-4A26-BC61-FB5E79DE21AB}
		{0BB48B8D-8E84-4BCA-AAF3-0669B0D4FC2B} = {51F469AA-C547-4A26-BC61-FB5E79DE21AB}
		{10383654-4F44-44BE-A6CB-C20905499862} = {DAEA34F5-F0C0-44C2-A4FE-91E7903576B4}
		{F89175A0-2777-4C7A-A5CE-7B4AE6F689E3} = {DAEA34F5-F0C0-44C2-A4FE-91E7903576B4}
		{4934E44C-187A-4331-BE5F-0B58B13F95FF} = {DAEA34F5-F0C0-44C2-A4FE-91E7903576B4}
		{CBF72A03-A54F-4EC9-9DC5-AF188CAD4A0B} = {5B404544-13FA-40FE-8706-885AC69DCC68}
	EndGlobalSection
	GlobalSection(ExtensibilityGlobals) = postSolution
		SolutionGuid = {4D84C47B-3D04-4ABE-9D8B-21F343448117}
	EndGlobalSection
EndGlobal
